
Microsoft Visual Studio Solution File, Format Version 12.00
# Visual Studio Version 16
VisualStudioVersion = 16.0.30503.244
MinimumVisualStudioVersion = 10.0.40219.1
Project("{9A19103F-16F7-4668-BE54-9A1E7A4F7556}") = "ApiMongoDB", "ApiMongoDB\ApiMongoDB.csproj", "{121E65B1-2870-4DA6-B8BF-28BCFA4BF812}"
EndProject
Project("{FAE04EC0-301F-11D3-BF4B-00C04F79EFBC}") = "DiseñoChatMVC", "DiseñoChatMVC\DiseñoChatMVC.csproj", "{1F5D57EE-0E33-479F-96E7-3F2C4494B1B9}"
EndProject
Project("{FAE04EC0-301F-11D3-BF4B-00C04F79EFBC}") = "ProcesosAlternos", "ProcesosAlternos\ProcesosAlternos.csproj", "{975CF9B2-8260-4071-A951-2FDF494F2681}"
EndProject
Global
	GlobalSection(SolutionConfigurationPlatforms) = preSolution
		Debug|Any CPU = Debug|Any CPU
		Release|Any CPU = Release|Any CPU
	EndGlobalSection
	GlobalSection(ProjectConfigurationPlatforms) = postSolution
		{121E65B1-2870-4DA6-B8BF-28BCFA4BF812}.Debug|Any CPU.ActiveCfg = Debug|Any CPU
		{121E65B1-2870-4DA6-B8BF-28BCFA4BF812}.Debug|Any CPU.Build.0 = Debug|Any CPU
		{121E65B1-2870-4DA6-B8BF-28BCFA4BF812}.Release|Any CPU.ActiveCfg = Release|Any CPU
		{121E65B1-2870-4DA6-B8BF-28BCFA4BF812}.Release|Any CPU.Build.0 = Release|Any CPU
		{1F5D57EE-0E33-479F-96E7-3F2C4494B1B9}.Debug|Any CPU.ActiveCfg = Debug|Any CPU
		{1F5D57EE-0E33-479F-96E7-3F2C4494B1B9}.Debug|Any CPU.Build.0 = Debug|Any CPU
		{1F5D57EE-0E33-479F-96E7-3F2C4494B1B9}.Release|Any CPU.ActiveCfg = Release|Any CPU
		{1F5D57EE-0E33-479F-96E7-3F2C4494B1B9}.Release|Any CPU.Build.0 = Release|Any CPU
		{975CF9B2-8260-4071-A951-2FDF494F2681}.Debug|Any CPU.ActiveCfg = Debug|Any CPU
		{975CF9B2-8260-4071-A951-2FDF494F2681}.Debug|Any CPU.Build.0 = Debug|Any CPU
		{975CF9B2-8260-4071-A951-2FDF494F2681}.Release|Any CPU.ActiveCfg = Release|Any CPU
		{975CF9B2-8260-4071-A951-2FDF494F2681}.Release|Any CPU.Build.0 = Release|Any CPU
	EndGlobalSection
	GlobalSection(SolutionProperties) = preSolution
		HideSolutionNode = FALSE
	EndGlobalSection
	GlobalSection(ExtensibilityGlobals) = postSolution
		SolutionGuid = {649A8F07-64F2-4D66-9864-C2F69A34634F}
	EndGlobalSection
EndGlobal
